// !$*UTF8*$!
{
	archiveVersion = 1;
	classes = {
	};
	objectVersion = 51;
	objects = {

/* Begin PBXBuildFile section */
		2E060EAAD223C1A279C57FD2 /* Pods_flixster.framework in Frameworks */ = {isa = PBXBuildFile; fileRef = 833C78299DA6911AF529B811 /* Pods_flixster.framework */; };
		43A4C273C0DFA3CA7DA003C8 /* Pods_flixster_flixsterUITests.framework in Frameworks */ = {isa = PBXBuildFile; fileRef = 1646E336CC89B1EF41D305B3 /* Pods_flixster_flixsterUITests.framework */; };
		932A98BB252B8E0000AC3CC0 /* MovieDetailsViewController.swift in Sources */ = {isa = PBXBuildFile; fileRef = 932A98BA252B8E0000AC3CC0 /* MovieDetailsViewController.swift */; };
		932A98C0252BA01000AC3CC0 /* MovieGridViewController.swift in Sources */ = {isa = PBXBuildFile; fileRef = 932A98BF252BA01000AC3CC0 /* MovieGridViewController.swift */; };
		932A98C5252BA45000AC3CC0 /* MovieGridCell.swift in Sources */ = {isa = PBXBuildFile; fileRef = 932A98C4252BA45000AC3CC0 /* MovieGridCell.swift */; };
		93A5EF3B25216C1900752D1A /* AppDelegate.swift in Sources */ = {isa = PBXBuildFile; fileRef = 93A5EF3A25216C1900752D1A /* AppDelegate.swift */; };
		93A5EF3D25216C1900752D1A /* SceneDelegate.swift in Sources */ = {isa = PBXBuildFile; fileRef = 93A5EF3C25216C1900752D1A /* SceneDelegate.swift */; };
		93A5EF4225216C1900752D1A /* Main.storyboard in Resources */ = {isa = PBXBuildFile; fileRef = 93A5EF4025216C1900752D1A /* Main.storyboard */; };
		93A5EF4425216C1C00752D1A /* Assets.xcassets in Resources */ = {isa = PBXBuildFile; fileRef = 93A5EF4325216C1C00752D1A /* Assets.xcassets */; };
		93A5EF4725216C1C00752D1A /* LaunchScreen.storyboard in Resources */ = {isa = PBXBuildFile; fileRef = 93A5EF4525216C1C00752D1A /* LaunchScreen.storyboard */; };
		93A5EF5225216C1C00752D1A /* flixsterTests.swift in Sources */ = {isa = PBXBuildFile; fileRef = 93A5EF5125216C1C00752D1A /* flixsterTests.swift */; };
		93A5EF5D25216C1C00752D1A /* flixsterUITests.swift in Sources */ = {isa = PBXBuildFile; fileRef = 93A5EF5C25216C1C00752D1A /* flixsterUITests.swift */; };
		93A5EF712522534B00752D1A /* MoviesViewController.swift in Sources */ = {isa = PBXBuildFile; fileRef = 93A5EF702522534B00752D1A /* MoviesViewController.swift */; };
		93A5EF7E2522678200752D1A /* MovieCell.swift in Sources */ = {isa = PBXBuildFile; fileRef = 93A5EF7D2522678200752D1A /* MovieCell.swift */; };
		E58552372857780F5DE0A8AF /* Pods_flixsterTests.framework in Frameworks */ = {isa = PBXBuildFile; fileRef = F282A6D03F28061BAF512879 /* Pods_flixsterTests.framework */; };
/* End PBXBuildFile section */

/* Begin PBXContainerItemProxy section */
		93A5EF4E25216C1C00752D1A /* PBXContainerItemProxy */ = {
			isa = PBXContainerItemProxy;
			containerPortal = 93A5EF2F25216C1900752D1A /* Project object */;
			proxyType = 1;
			remoteGlobalIDString = 93A5EF3625216C1900752D1A;
			remoteInfo = flixster;
		};
		93A5EF5925216C1C00752D1A /* PBXContainerItemProxy */ = {
			isa = PBXContainerItemProxy;
			containerPortal = 93A5EF2F25216C1900752D1A /* Project object */;
			proxyType = 1;
			remoteGlobalIDString = 93A5EF3625216C1900752D1A;
			remoteInfo = flixster;
		};
/* End PBXContainerItemProxy section */

/* Begin PBXFileReference section */
		035DD76707D65F13B4F8B13E /* Pods-flixster-flixsterUITests.debug.xcconfig */ = {isa = PBXFileReference; includeInIndex = 1; lastKnownFileType = text.xcconfig; name = "Pods-flixster-flixsterUITests.debug.xcconfig"; path = "Target Support Files/Pods-flixster-flixsterUITests/Pods-flixster-flixsterUITests.debug.xcconfig"; sourceTree = "<group>"; };
		1646E336CC89B1EF41D305B3 /* Pods_flixster_flixsterUITests.framework */ = {isa = PBXFileReference; explicitFileType = wrapper.framework; includeInIndex = 0; path = Pods_flixster_flixsterUITests.framework; sourceTree = BUILT_PRODUCTS_DIR; };
		203C6CDA05D421B735EF4CEB /* Pods-flixster.debug.xcconfig */ = {isa = PBXFileReference; includeInIndex = 1; lastKnownFileType = text.xcconfig; name = "Pods-flixster.debug.xcconfig"; path = "Target Support Files/Pods-flixster/Pods-flixster.debug.xcconfig"; sourceTree = "<group>"; };
		469871D24573B7E1AE771102 /* Pods-flixsterTests.debug.xcconfig */ = {isa = PBXFileReference; includeInIndex = 1; lastKnownFileType = text.xcconfig; name = "Pods-flixsterTests.debug.xcconfig"; path = "Target Support Files/Pods-flixsterTests/Pods-flixsterTests.debug.xcconfig"; sourceTree = "<group>"; };
		4FA1BCE4E3A2BB596080521F /* Pods-flixsterTests.release.xcconfig */ = {isa = PBXFileReference; includeInIndex = 1; lastKnownFileType = text.xcconfig; name = "Pods-flixsterTests.release.xcconfig"; path = "Target Support Files/Pods-flixsterTests/Pods-flixsterTests.release.xcconfig"; sourceTree = "<group>"; };
		833C78299DA6911AF529B811 /* Pods_flixster.framework */ = {isa = PBXFileReference; explicitFileType = wrapper.framework; includeInIndex = 0; path = Pods_flixster.framework; sourceTree = BUILT_PRODUCTS_DIR; };
		8FFD4153F4DDA4610983079F /* Pods-flixster.release.xcconfig */ = {isa = PBXFileReference; includeInIndex = 1; lastKnownFileType = text.xcconfig; name = "Pods-flixster.release.xcconfig"; path = "Target Support Files/Pods-flixster/Pods-flixster.release.xcconfig"; sourceTree = "<group>"; };
		91ED8DCF9347A486E429AE90 /* Pods-flixster-flixsterUITests.release.xcconfig */ = {isa = PBXFileReference; includeInIndex = 1; lastKnownFileType = text.xcconfig; name = "Pods-flixster-flixsterUITests.release.xcconfig"; path = "Target Support Files/Pods-flixster-flixsterUITests/Pods-flixster-flixsterUITests.release.xcconfig"; sourceTree = "<group>"; };
		932A98BA252B8E0000AC3CC0 /* MovieDetailsViewController.swift */ = {isa = PBXFileReference; lastKnownFileType = sourcecode.swift; path = MovieDetailsViewController.swift; sourceTree = "<group>"; };
		932A98BF252BA01000AC3CC0 /* MovieGridViewController.swift */ = {isa = PBXFileReference; lastKnownFileType = sourcecode.swift; path = MovieGridViewController.swift; sourceTree = "<group>"; };
		932A98C4252BA45000AC3CC0 /* MovieGridCell.swift */ = {isa = PBXFileReference; lastKnownFileType = sourcecode.swift; path = MovieGridCell.swift; sourceTree = "<group>"; };
		93A5EF3725216C1900752D1A /* flixster.app */ = {isa = PBXFileReference; explicitFileType = wrapper.application; includeInIndex = 0; path = flixster.app; sourceTree = BUILT_PRODUCTS_DIR; };
		93A5EF3A25216C1900752D1A /* AppDelegate.swift */ = {isa = PBXFileReference; lastKnownFileType = sourcecode.swift; path = AppDelegate.swift; sourceTree = "<group>"; };
		93A5EF3C25216C1900752D1A /* SceneDelegate.swift */ = {isa = PBXFileReference; lastKnownFileType = sourcecode.swift; path = SceneDelegate.swift; sourceTree = "<group>"; };
		93A5EF4125216C1900752D1A /* Base */ = {isa = PBXFileReference; lastKnownFileType = file.storyboard; name = Base; path = Base.lproj/Main.storyboard; sourceTree = "<group>"; };
		93A5EF4325216C1C00752D1A /* Assets.xcassets */ = {isa = PBXFileReference; lastKnownFileType = folder.assetcatalog; path = Assets.xcassets; sourceTree = "<group>"; };
		93A5EF4625216C1C00752D1A /* Base */ = {isa = PBXFileReference; lastKnownFileType = file.storyboard; name = Base; path = Base.lproj/LaunchScreen.storyboard; sourceTree = "<group>"; };
		93A5EF4825216C1C00752D1A /* Info.plist */ = {isa = PBXFileReference; lastKnownFileType = text.plist.xml; path = Info.plist; sourceTree = "<group>"; };
		93A5EF4D25216C1C00752D1A /* flixsterTests.xctest */ = {isa = PBXFileReference; explicitFileType = wrapper.cfbundle; includeInIndex = 0; path = flixsterTests.xctest; sourceTree = BUILT_PRODUCTS_DIR; };
		93A5EF5125216C1C00752D1A /* flixsterTests.swift */ = {isa = PBXFileReference; lastKnownFileType = sourcecode.swift; path = flixsterTests.swift; sourceTree = "<group>"; };
		93A5EF5325216C1C00752D1A /* Info.plist */ = {isa = PBXFileReference; lastKnownFileType = text.plist.xml; path = Info.plist; sourceTree = "<group>"; };
		93A5EF5825216C1C00752D1A /* flixsterUITests.xctest */ = {isa = PBXFileReference; explicitFileType = wrapper.cfbundle; includeInIndex = 0; path = flixsterUITests.xctest; sourceTree = BUILT_PRODUCTS_DIR; };
		93A5EF5C25216C1C00752D1A /* flixsterUITests.swift */ = {isa = PBXFileReference; lastKnownFileType = sourcecode.swift; path = flixsterUITests.swift; sourceTree = "<group>"; };
		93A5EF5E25216C1C00752D1A /* Info.plist */ = {isa = PBXFileReference; lastKnownFileType = text.plist.xml; path = Info.plist; sourceTree = "<group>"; };
		93A5EF702522534B00752D1A /* MoviesViewController.swift */ = {isa = PBXFileReference; lastKnownFileType = sourcecode.swift; path = MoviesViewController.swift; sourceTree = "<group>"; };
		93A5EF7D2522678200752D1A /* MovieCell.swift */ = {isa = PBXFileReference; lastKnownFileType = sourcecode.swift; path = MovieCell.swift; sourceTree = "<group>"; };
		F282A6D03F28061BAF512879 /* Pods_flixsterTests.framework */ = {isa = PBXFileReference; explicitFileType = wrapper.framework; includeInIndex = 0; path = Pods_flixsterTests.framework; sourceTree = BUILT_PRODUCTS_DIR; };
/* End PBXFileReference section */

/* Begin PBXFrameworksBuildPhase section */
		93A5EF3425216C1900752D1A /* Frameworks */ = {
			isa = PBXFrameworksBuildPhase;
			buildActionMask = 2147483647;
			files = (
				2E060EAAD223C1A279C57FD2 /* Pods_flixster.framework in Frameworks */,
			);
			runOnlyForDeploymentPostprocessing = 0;
		};
		93A5EF4A25216C1C00752D1A /* Frameworks */ = {
			isa = PBXFrameworksBuildPhase;
			buildActionMask = 2147483647;
			files = (
				E58552372857780F5DE0A8AF /* Pods_flixsterTests.framework in Frameworks */,
			);
			runOnlyForDeploymentPostprocessing = 0;
		};
		93A5EF5525216C1C00752D1A /* Frameworks */ = {
			isa = PBXFrameworksBuildPhase;
			buildActionMask = 2147483647;
			files = (
				43A4C273C0DFA3CA7DA003C8 /* Pods_flixster_flixsterUITests.framework in Frameworks */,
			);
			runOnlyForDeploymentPostprocessing = 0;
		};
/* End PBXFrameworksBuildPhase section */

/* Begin PBXGroup section */
		93A5EF2E25216C1900752D1A = {
			isa = PBXGroup;
			children = (
				93A5EF3925216C1900752D1A /* flixster */,
				93A5EF5025216C1C00752D1A /* flixsterTests */,
				93A5EF5B25216C1C00752D1A /* flixsterUITests */,
				93A5EF3825216C1900752D1A /* Products */,
				A73E8B900A738B71F52225E8 /* Pods */,
				96F0BC7C0E64357FFB19A0F5 /* Frameworks */,
			);
			sourceTree = "<group>";
		};
		93A5EF3825216C1900752D1A /* Products */ = {
			isa = PBXGroup;
			children = (
				93A5EF3725216C1900752D1A /* flixster.app */,
				93A5EF4D25216C1C00752D1A /* flixsterTests.xctest */,
				93A5EF5825216C1C00752D1A /* flixsterUITests.xctest */,
			);
			name = Products;
			sourceTree = "<group>";
		};
		93A5EF3925216C1900752D1A /* flixster */ = {
			isa = PBXGroup;
			children = (
				93A5EF3A25216C1900752D1A /* AppDelegate.swift */,
				93A5EF3C25216C1900752D1A /* SceneDelegate.swift */,
				93A5EF4025216C1900752D1A /* Main.storyboard */,
				93A5EF4325216C1C00752D1A /* Assets.xcassets */,
				93A5EF4525216C1C00752D1A /* LaunchScreen.storyboard */,
				93A5EF4825216C1C00752D1A /* Info.plist */,
				93A5EF702522534B00752D1A /* MoviesViewController.swift */,
				93A5EF7D2522678200752D1A /* MovieCell.swift */,
				932A98BA252B8E0000AC3CC0 /* MovieDetailsViewController.swift */,
				932A98BF252BA01000AC3CC0 /* MovieGridViewController.swift */,
				932A98C4252BA45000AC3CC0 /* MovieGridCell.swift */,
			);
			path = flixster;
			sourceTree = "<group>";
		};
		93A5EF5025216C1C00752D1A /* flixsterTests */ = {
			isa = PBXGroup;
			children = (
				93A5EF5125216C1C00752D1A /* flixsterTests.swift */,
				93A5EF5325216C1C00752D1A /* Info.plist */,
			);
			path = flixsterTests;
			sourceTree = "<group>";
		};
		93A5EF5B25216C1C00752D1A /* flixsterUITests */ = {
			isa = PBXGroup;
			children = (
				93A5EF5C25216C1C00752D1A /* flixsterUITests.swift */,
				93A5EF5E25216C1C00752D1A /* Info.plist */,
			);
			path = flixsterUITests;
			sourceTree = "<group>";
		};
		96F0BC7C0E64357FFB19A0F5 /* Frameworks */ = {
			isa = PBXGroup;
			children = (
				833C78299DA6911AF529B811 /* Pods_flixster.framework */,
				1646E336CC89B1EF41D305B3 /* Pods_flixster_flixsterUITests.framework */,
				F282A6D03F28061BAF512879 /* Pods_flixsterTests.framework */,
			);
			name = Frameworks;
			sourceTree = "<group>";
		};
		A73E8B900A738B71F52225E8 /* Pods */ = {
			isa = PBXGroup;
			children = (
				203C6CDA05D421B735EF4CEB /* Pods-flixster.debug.xcconfig */,
				8FFD4153F4DDA4610983079F /* Pods-flixster.release.xcconfig */,
				035DD76707D65F13B4F8B13E /* Pods-flixster-flixsterUITests.debug.xcconfig */,
				91ED8DCF9347A486E429AE90 /* Pods-flixster-flixsterUITests.release.xcconfig */,
				469871D24573B7E1AE771102 /* Pods-flixsterTests.debug.xcconfig */,
				4FA1BCE4E3A2BB596080521F /* Pods-flixsterTests.release.xcconfig */,
			);
			path = Pods;
			sourceTree = "<group>";
		};
/* End PBXGroup section */

/* Begin PBXNativeTarget section */
		93A5EF3625216C1900752D1A /* flixster */ = {
			isa = PBXNativeTarget;
			buildConfigurationList = 93A5EF6125216C1C00752D1A /* Build configuration list for PBXNativeTarget "flixster" */;
			buildPhases = (
				53F19DB0970054A69940915A /* [CP] Check Pods Manifest.lock */,
				93A5EF3325216C1900752D1A /* Sources */,
				93A5EF3425216C1900752D1A /* Frameworks */,
				93A5EF3525216C1900752D1A /* Resources */,
				6130318BE3BBE9E8904CAF3A /* [CP] Embed Pods Frameworks */,
			);
			buildRules = (
			);
			dependencies = (
			);
			name = flixster;
			productName = flixster;
			productReference = 93A5EF3725216C1900752D1A /* flixster.app */;
			productType = "com.apple.product-type.application";
		};
		93A5EF4C25216C1C00752D1A /* flixsterTests */ = {
			isa = PBXNativeTarget;
			buildConfigurationList = 93A5EF6425216C1C00752D1A /* Build configuration list for PBXNativeTarget "flixsterTests" */;
			buildPhases = (
				5E979738CDE9F1C40639F8F2 /* [CP] Check Pods Manifest.lock */,
				93A5EF4925216C1C00752D1A /* Sources */,
				93A5EF4A25216C1C00752D1A /* Frameworks */,
				93A5EF4B25216C1C00752D1A /* Resources */,
			);
			buildRules = (
			);
			dependencies = (
				93A5EF4F25216C1C00752D1A /* PBXTargetDependency */,
			);
			name = flixsterTests;
			productName = flixsterTests;
			productReference = 93A5EF4D25216C1C00752D1A /* flixsterTests.xctest */;
			productType = "com.apple.product-type.bundle.unit-test";
		};
		93A5EF5725216C1C00752D1A /* flixsterUITests */ = {
			isa = PBXNativeTarget;
			buildConfigurationList = 93A5EF6725216C1C00752D1A /* Build configuration list for PBXNativeTarget "flixsterUITests" */;
			buildPhases = (
				3DC498BA2C5E2FD40D56BA1C /* [CP] Check Pods Manifest.lock */,
				93A5EF5425216C1C00752D1A /* Sources */,
				93A5EF5525216C1C00752D1A /* Frameworks */,
				93A5EF5625216C1C00752D1A /* Resources */,
				F3BEDCB12BBEDCDF16E8D486 /* [CP] Embed Pods Frameworks */,
			);
			buildRules = (
			);
			dependencies = (
				93A5EF5A25216C1C00752D1A /* PBXTargetDependency */,
			);
			name = flixsterUITests;
			productName = flixsterUITests;
			productReference = 93A5EF5825216C1C00752D1A /* flixsterUITests.xctest */;
			productType = "com.apple.product-type.bundle.ui-testing";
		};
/* End PBXNativeTarget section */

/* Begin PBXProject section */
		93A5EF2F25216C1900752D1A /* Project object */ = {
			isa = PBXProject;
			attributes = {
				LastSwiftUpdateCheck = 1200;
				LastUpgradeCheck = 1200;
				TargetAttributes = {
					93A5EF3625216C1900752D1A = {
						CreatedOnToolsVersion = 12.0;
					};
					93A5EF4C25216C1C00752D1A = {
						CreatedOnToolsVersion = 12.0;
						TestTargetID = 93A5EF3625216C1900752D1A;
					};
					93A5EF5725216C1C00752D1A = {
						CreatedOnToolsVersion = 12.0;
						TestTargetID = 93A5EF3625216C1900752D1A;
					};
				};
			};
			buildConfigurationList = 93A5EF3225216C1900752D1A /* Build configuration list for PBXProject "flixster" */;
			compatibilityVersion = "Xcode 9.3";
			developmentRegion = en;
			hasScannedForEncodings = 0;
			knownRegions = (
				en,
				Base,
			);
			mainGroup = 93A5EF2E25216C1900752D1A;
			productRefGroup = 93A5EF3825216C1900752D1A /* Products */;
			projectDirPath = "";
			projectRoot = "";
			targets = (
				93A5EF3625216C1900752D1A /* flixster */,
				93A5EF4C25216C1C00752D1A /* flixsterTests */,
				93A5EF5725216C1C00752D1A /* flixsterUITests */,
			);
		};
/* End PBXProject section */

/* Begin PBXResourcesBuildPhase section */
		93A5EF3525216C1900752D1A /* Resources */ = {
			isa = PBXResourcesBuildPhase;
			buildActionMask = 2147483647;
			files = (
				93A5EF4725216C1C00752D1A /* LaunchScreen.storyboard in Resources */,
				93A5EF4425216C1C00752D1A /* Assets.xcassets in Resources */,
				93A5EF4225216C1900752D1A /* Main.storyboard in Resources */,
			);
			runOnlyForDeploymentPostprocessing = 0;
		};
		93A5EF4B25216C1C00752D1A /* Resources */ = {
			isa = PBXResourcesBuildPhase;
			buildActionMask = 2147483647;
			files = (
			);
			runOnlyForDeploymentPostprocessing = 0;
		};
		93A5EF5625216C1C00752D1A /* Resources */ = {
			isa = PBXResourcesBuildPhase;
			buildActionMask = 2147483647;
			files = (
			);
			runOnlyForDeploymentPostprocessing = 0;
		};
/* End PBXResourcesBuildPhase section */

/* Begin PBXShellScriptBuildPhase section */
		3DC498BA2C5E2FD40D56BA1C /* [CP] Check Pods Manifest.lock */ = {
			isa = PBXShellScriptBuildPhase;
			buildActionMask = 2147483647;
			files = (
			);
			inputFileListPaths = (
			);
			inputPaths = (
				"${PODS_PODFILE_DIR_PATH}/Podfile.lock",
				"${PODS_ROOT}/Manifest.lock",
			);
			name = "[CP] Check Pods Manifest.lock";
			outputFileListPaths = (
			);
			outputPaths = (
				"$(DERIVED_FILE_DIR)/Pods-flixster-flixsterUITests-checkManifestLockResult.txt",
			);
			runOnlyForDeploymentPostprocessing = 0;
			shellPath = /bin/sh;
			shellScript = "diff \"${PODS_PODFILE_DIR_PATH}/Podfile.lock\" \"${PODS_ROOT}/Manifest.lock\" > /dev/null\nif [ $? != 0 ] ; then\n    # print error to STDERR\n    echo \"error: The sandbox is not in sync with the Podfile.lock. Run 'pod install' or update your CocoaPods installation.\" >&2\n    exit 1\nfi\n# This output is used by Xcode 'outputs' to avoid re-running this script phase.\necho \"SUCCESS\" > \"${SCRIPT_OUTPUT_FILE_0}\"\n";
			showEnvVarsInLog = 0;
		};
		53F19DB0970054A69940915A /* [CP] Check Pods Manifest.lock */ = {
			isa = PBXShellScriptBuildPhase;
			buildActionMask = 2147483647;
			files = (
			);
			inputFileListPaths = (
			);
			inputPaths = (
				"${PODS_PODFILE_DIR_PATH}/Podfile.lock",
				"${PODS_ROOT}/Manifest.lock",
			);
			name = "[CP] Check Pods Manifest.lock";
			outputFileListPaths = (
			);
			outputPaths = (
				"$(DERIVED_FILE_DIR)/Pods-flixster-checkManifestLockResult.txt",
			);
			runOnlyForDeploymentPostprocessing = 0;
			shellPath = /bin/sh;
			shellScript = "diff \"${PODS_PODFILE_DIR_PATH}/Podfile.lock\" \"${PODS_ROOT}/Manifest.lock\" > /dev/null\nif [ $? != 0 ] ; then\n    # print error to STDERR\n    echo \"error: The sandbox is not in sync with the Podfile.lock. Run 'pod install' or update your CocoaPods installation.\" >&2\n    exit 1\nfi\n# This output is used by Xcode 'outputs' to avoid re-running this script phase.\necho \"SUCCESS\" > \"${SCRIPT_OUTPUT_FILE_0}\"\n";
			showEnvVarsInLog = 0;
		};
		5E979738CDE9F1C40639F8F2 /* [CP] Check Pods Manifest.lock */ = {
			isa = PBXShellScriptBuildPhase;
			buildActionMask = 2147483647;
			files = (
			);
			inputFileListPaths = (
			);
			inputPaths = (
				"${PODS_PODFILE_DIR_PATH}/Podfile.lock",
				"${PODS_ROOT}/Manifest.lock",
			);
			name = "[CP] Check Pods Manifest.lock";
			outputFileListPaths = (
			);
			outputPaths = (
				"$(DERIVED_FILE_DIR)/Pods-flixsterTests-checkManifestLockResult.txt",
			);
			runOnlyForDeploymentPostprocessing = 0;
			shellPath = /bin/sh;
			shellScript = "diff \"${PODS_PODFILE_DIR_PATH}/Podfile.lock\" \"${PODS_ROOT}/Manifest.lock\" > /dev/null\nif [ $? != 0 ] ; then\n    # print error to STDERR\n    echo \"error: The sandbox is not in sync with the Podfile.lock. Run 'pod install' or update your CocoaPods installation.\" >&2\n    exit 1\nfi\n# This output is used by Xcode 'outputs' to avoid re-running this script phase.\necho \"SUCCESS\" > \"${SCRIPT_OUTPUT_FILE_0}\"\n";
			showEnvVarsInLog = 0;
		};
		6130318BE3BBE9E8904CAF3A /* [CP] Embed Pods Frameworks */ = {
			isa = PBXShellScriptBuildPhase;
			buildActionMask = 2147483647;
			files = (
			);
			inputFileListPaths = (
				"${PODS_ROOT}/Target Support Files/Pods-flixster/Pods-flixster-frameworks-${CONFIGURATION}-input-files.xcfilelist",
			);
			name = "[CP] Embed Pods Frameworks";
			outputFileListPaths = (
				"${PODS_ROOT}/Target Support Files/Pods-flixster/Pods-flixster-frameworks-${CONFIGURATION}-output-files.xcfilelist",
			);
			runOnlyForDeploymentPostprocessing = 0;
			shellPath = /bin/sh;
			shellScript = "\"${PODS_ROOT}/Target Support Files/Pods-flixster/Pods-flixster-frameworks.sh\"\n";
			showEnvVarsInLog = 0;
		};
		F3BEDCB12BBEDCDF16E8D486 /* [CP] Embed Pods Frameworks */ = {
			isa = PBXShellScriptBuildPhase;
			buildActionMask = 2147483647;
			files = (
			);
			inputFileListPaths = (
				"${PODS_ROOT}/Target Support Files/Pods-flixster-flixsterUITests/Pods-flixster-flixsterUITests-frameworks-${CONFIGURATION}-input-files.xcfilelist",
			);
			name = "[CP] Embed Pods Frameworks";
			outputFileListPaths = (
				"${PODS_ROOT}/Target Support Files/Pods-flixster-flixsterUITests/Pods-flixster-flixsterUITests-frameworks-${CONFIGURATION}-output-files.xcfilelist",
			);
			runOnlyForDeploymentPostprocessing = 0;
			shellPath = /bin/sh;
			shellScript = "\"${PODS_ROOT}/Target Support Files/Pods-flixster-flixsterUITests/Pods-flixster-flixsterUITests-frameworks.sh\"\n";
			showEnvVarsInLog = 0;
		};
/* End PBXShellScriptBuildPhase section */

/* Begin PBXSourcesBuildPhase section */
		93A5EF3325216C1900752D1A /* Sources */ = {
			isa = PBXSourcesBuildPhase;
			buildActionMask = 2147483647;
			files = (
				932A98BB252B8E0000AC3CC0 /* MovieDetailsViewController.swift in Sources */,
				93A5EF3B25216C1900752D1A /* AppDelegate.swift in Sources */,
				93A5EF3D25216C1900752D1A /* SceneDelegate.swift in Sources */,
				93A5EF7E2522678200752D1A /* MovieCell.swift in Sources */,
				93A5EF712522534B00752D1A /* MoviesViewController.swift in Sources */,
				932A98C0252BA01000AC3CC0 /* MovieGridViewController.swift in Sources */,
				932A98C5252BA45000AC3CC0 /* MovieGridCell.swift in Sources */,
			);
			runOnlyForDeploymentPostprocessing = 0;
		};
		93A5EF4925216C1C00752D1A /* Sources */ = {
			isa = PBXSourcesBuildPhase;
			buildActionMask = 2147483647;
			files = (
				93A5EF5225216C1C00752D1A /* flixsterTests.swift in Sources */,
			);
			runOnlyForDeploymentPostprocessing = 0;
		};
		93A5EF5425216C1C00752D1A /* Sources */ = {
			isa = PBXSourcesBuildPhase;
			buildActionMask = 2147483647;
			files = (
				93A5EF5D25216C1C00752D1A /* flixsterUITests.swift in Sources */,
			);
			runOnlyForDeploymentPostprocessing = 0;
		};
/* End PBXSourcesBuildPhase section */

/* Begin PBXTargetDependency section */
		93A5EF4F25216C1C00752D1A /* PBXTargetDependency */ = {
			isa = PBXTargetDependency;
			target = 93A5EF3625216C1900752D1A /* flixster */;
			targetProxy = 93A5EF4E25216C1C00752D1A /* PBXContainerItemProxy */;
		};
		93A5EF5A25216C1C00752D1A /* PBXTargetDependency */ = {
			isa = PBXTargetDependency;
			target = 93A5EF3625216C1900752D1A /* flixster */;
			targetProxy = 93A5EF5925216C1C00752D1A /* PBXContainerItemProxy */;
		};
/* End PBXTargetDependency section */

/* Begin PBXVariantGroup section */
		93A5EF4025216C1900752D1A /* Main.storyboard */ = {
			isa = PBXVariantGroup;
			children = (
				93A5EF4125216C1900752D1A /* Base */,
			);
			name = Main.storyboard;
			sourceTree = "<group>";
		};
		93A5EF4525216C1C00752D1A /* LaunchScreen.storyboard */ = {
			isa = PBXVariantGroup;
			children = (
				93A5EF4625216C1C00752D1A /* Base */,
			);
			name = LaunchScreen.storyboard;
			sourceTree = "<group>";
		};
/* End PBXVariantGroup section */

/* Begin XCBuildConfiguration section */
		93A5EF5F25216C1C00752D1A /* Debug */ = {
			isa = XCBuildConfiguration;
			buildSettings = {
				ALWAYS_SEARCH_USER_PATHS = NO;
				CLANG_ANALYZER_NONNULL = YES;
				CLANG_ANALYZER_NUMBER_OBJECT_CONVERSION = YES_AGGRESSIVE;
				CLANG_CXX_LANGUAGE_STANDARD = "gnu++14";
				CLANG_CXX_LIBRARY = "libc++";
				CLANG_ENABLE_MODULES = YES;
				CLANG_ENABLE_OBJC_ARC = YES;
				CLANG_ENABLE_OBJC_WEAK = YES;
				CLANG_WARN_BLOCK_CAPTURE_AUTORELEASING = YES;
				CLANG_WARN_BOOL_CONVERSION = YES;
				CLANG_WARN_COMMA = YES;
				CLANG_WARN_CONSTANT_CONVERSION = YES;
				CLANG_WARN_DEPRECATED_OBJC_IMPLEMENTATIONS = YES;
				CLANG_WARN_DIRECT_OBJC_ISA_USAGE = YES_ERROR;
				CLANG_WARN_DOCUMENTATION_COMMENTS = YES;
				CLANG_WARN_EMPTY_BODY = YES;
				CLANG_WARN_ENUM_CONVERSION = YES;
				CLANG_WARN_INFINITE_RECURSION = YES;
				CLANG_WARN_INT_CONVERSION = YES;
				CLANG_WARN_NON_LITERAL_NULL_CONVERSION = YES;
				CLANG_WARN_OBJC_IMPLICIT_RETAIN_SELF = YES;
				CLANG_WARN_OBJC_LITERAL_CONVERSION = YES;
				CLANG_WARN_OBJC_ROOT_CLASS = YES_ERROR;
				CLANG_WARN_QUOTED_INCLUDE_IN_FRAMEWORK_HEADER = YES;
				CLANG_WARN_RANGE_LOOP_ANALYSIS = YES;
				CLANG_WARN_STRICT_PROTOTYPES = YES;
				CLANG_WARN_SUSPICIOUS_MOVE = YES;
				CLANG_WARN_UNGUARDED_AVAILABILITY = YES_AGGRESSIVE;
				CLANG_WARN_UNREACHABLE_CODE = YES;
				CLANG_WARN__DUPLICATE_METHOD_MATCH = YES;
				COPY_PHASE_STRIP = NO;
				DEBUG_INFORMATION_FORMAT = dwarf;
				ENABLE_STRICT_OBJC_MSGSEND = YES;
				ENABLE_TESTABILITY = YES;
				GCC_C_LANGUAGE_STANDARD = gnu11;
				GCC_DYNAMIC_NO_PIC = NO;
				GCC_NO_COMMON_BLOCKS = YES;
				GCC_OPTIMIZATION_LEVEL = 0;
				GCC_PREPROCESSOR_DEFINITIONS = (
					"DEBUG=1",
					"$(inherited)",
				);
				GCC_WARN_64_TO_32_BIT_CONVERSION = YES;
				GCC_WARN_ABOUT_RETURN_TYPE = YES_ERROR;
				GCC_WARN_UNDECLARED_SELECTOR = YES;
				GCC_WARN_UNINITIALIZED_AUTOS = YES_AGGRESSIVE;
				GCC_WARN_UNUSED_FUNCTION = YES;
				GCC_WARN_UNUSED_VARIABLE = YES;
				IPHONEOS_DEPLOYMENT_TARGET = 14.0;
				MTL_ENABLE_DEBUG_INFO = INCLUDE_SOURCE;
				MTL_FAST_MATH = YES;
				ONLY_ACTIVE_ARCH = YES;
				SDKROOT = iphoneos;
				SWIFT_ACTIVE_COMPILATION_CONDITIONS = DEBUG;
				SWIFT_OPTIMIZATION_LEVEL = "-Onone";
			};
			name = Debug;
		};
		93A5EF6025216C1C00752D1A /* Release */ = {
			isa = XCBuildConfiguration;
			buildSettings = {
				ALWAYS_SEARCH_USER_PATHS = NO;
				CLANG_ANALYZER_NONNULL = YES;
				CLANG_ANALYZER_NUMBER_OBJECT_CONVERSION = YES_AGGRESSIVE;
				CLANG_CXX_LANGUAGE_STANDARD = "gnu++14";
				CLANG_CXX_LIBRARY = "libc++";
				CLANG_ENABLE_MODULES = YES;
				CLANG_ENABLE_OBJC_ARC = YES;
				CLANG_ENABLE_OBJC_WEAK = YES;
				CLANG_WARN_BLOCK_CAPTURE_AUTORELEASING = YES;
				CLANG_WARN_BOOL_CONVERSION = YES;
				CLANG_WARN_COMMA = YES;
				CLANG_WARN_CONSTANT_CONVERSION = YES;
				CLANG_WARN_DEPRECATED_OBJC_IMPLEMENTATIONS = YES;
				CLANG_WARN_DIRECT_OBJC_ISA_USAGE = YES_ERROR;
				CLANG_WARN_DOCUMENTATION_COMMENTS = YES;
				CLANG_WARN_EMPTY_BODY = YES;
				CLANG_WARN_ENUM_CONVERSION = YES;
				CLANG_WARN_INFINITE_RECURSION = YES;
				CLANG_WARN_INT_CONVERSION = YES;
				CLANG_WARN_NON_LITERAL_NULL_CONVERSION = YES;
				CLANG_WARN_OBJC_IMPLICIT_RETAIN_SELF = YES;
				CLANG_WARN_OBJC_LITERAL_CONVERSION = YES;
				CLANG_WARN_OBJC_ROOT_CLASS = YES_ERROR;
				CLANG_WARN_QUOTED_INCLUDE_IN_FRAMEWORK_HEADER = YES;
				CLANG_WARN_RANGE_LOOP_ANALYSIS = YES;
				CLANG_WARN_STRICT_PROTOTYPES = YES;
				CLANG_WARN_SUSPICIOUS_MOVE = YES;
				CLANG_WARN_UNGUARDED_AVAILABILITY = YES_AGGRESSIVE;
				CLANG_WARN_UNREACHABLE_CODE = YES;
				CLANG_WARN__DUPLICATE_METHOD_MATCH = YES;
				COPY_PHASE_STRIP = NO;
				DEBUG_INFORMATION_FORMAT = "dwarf-with-dsym";
				ENABLE_NS_ASSERTIONS = NO;
				ENABLE_STRICT_OBJC_MSGSEND = YES;
				GCC_C_LANGUAGE_STANDARD = gnu11;
				GCC_NO_COMMON_BLOCKS = YES;
				GCC_WARN_64_TO_32_BIT_CONVERSION = YES;
				GCC_WARN_ABOUT_RETURN_TYPE = YES_ERROR;
				GCC_WARN_UNDECLARED_SELECTOR = YES;
				GCC_WARN_UNINITIALIZED_AUTOS = YES_AGGRESSIVE;
				GCC_WARN_UNUSED_FUNCTION = YES;
				GCC_WARN_UNUSED_VARIABLE = YES;
				IPHONEOS_DEPLOYMENT_TARGET = 14.0;
				MTL_ENABLE_DEBUG_INFO = NO;
				MTL_FAST_MATH = YES;
				SDKROOT = iphoneos;
				SWIFT_COMPILATION_MODE = wholemodule;
				SWIFT_OPTIMIZATION_LEVEL = "-O";
				VALIDATE_PRODUCT = YES;
			};
			name = Release;
		};
		93A5EF6225216C1C00752D1A /* Debug */ = {
			isa = XCBuildConfiguration;
			baseConfigurationReference = 203C6CDA05D421B735EF4CEB /* Pods-flixster.debug.xcconfig */;
			buildSettings = {
				ASSETCATALOG_COMPILER_APPICON_NAME = AppIcon;
				ASSETCATALOG_COMPILER_GLOBAL_ACCENT_COLOR_NAME = AccentColor;
				CODE_SIGN_STYLE = Automatic;
				INFOPLIST_FILE = flixster/Info.plist;
				LD_RUNPATH_SEARCH_PATHS = (
					"$(inherited)",
					"@executable_path/Frameworks",
				);
				PRODUCT_BUNDLE_IDENTIFIER = bwang365.flixster;
				PRODUCT_NAME = "$(TARGET_NAME)";
				SWIFT_VERSION = 5.0;
				TARGETED_DEVICE_FAMILY = "1,2";
			};
			name = Debug;
		};
		93A5EF6325216C1C00752D1A /* Release */ = {
			isa = XCBuildConfiguration;
			baseConfigurationReference = 8FFD4153F4DDA4610983079F /* Pods-flixster.release.xcconfig */;
			buildSettings = {
				ASSETCATALOG_COMPILER_APPICON_NAME = AppIcon;
				ASSETCATALOG_COMPILER_GLOBAL_ACCENT_COLOR_NAME = AccentColor;
				CODE_SIGN_STYLE = Automatic;
				INFOPLIST_FILE = flixster/Info.plist;
				LD_RUNPATH_SEARCH_PATHS = (
					"$(inherited)",
					"@executable_path/Frameworks",
				);
				PRODUCT_BUNDLE_IDENTIFIER = bwang365.flixster;
				PRODUCT_NAME = "$(TARGET_NAME)";
				SWIFT_VERSION = 5.0;
				TARGETED_DEVICE_FAMILY = "1,2";
			};
			name = Release;
		};
		93A5EF6525216C1C00752D1A /* Debug */ = {
			isa = XCBuildConfiguration;
			baseConfigurationReference = 469871D24573B7E1AE771102 /* Pods-flixsterTests.debug.xcconfig */;
			buildSettings = {
				ALWAYS_EMBED_SWIFT_STANDARD_LIBRARIES = YES;
				BUNDLE_LOADER = "$(TEST_HOST)";
				CODE_SIGN_STYLE = Automatic;
				INFOPLIST_FILE = flixsterTests/Info.plist;
				IPHONEOS_DEPLOYMENT_TARGET = 14.0;
				LD_RUNPATH_SEARCH_PATHS = (
					"$(inherited)",
					"@executable_path/Frameworks",
					"@loader_path/Frameworks",
				);
				PRODUCT_BUNDLE_IDENTIFIER = bwang365.flixsterTests;
				PRODUCT_NAME = "$(TARGET_NAME)";
				SWIFT_VERSION = 5.0;
				TARGETED_DEVICE_FAMILY = "1,2";
				TEST_HOST = "$(BUILT_PRODUCTS_DIR)/flixster.app/flixster";
			};
			name = Debug;
		};
		93A5EF6625216C1C00752D1A /* Release */ = {
			isa = XCBuildConfiguration;
			baseConfigurationReference = 4FA1BCE4E3A2BB596080521F /* Pods-flixsterTests.release.xcconfig */;
			buildSettings = {
				ALWAYS_EMBED_SWIFT_STANDARD_LIBRARIES = YES;
				BUNDLE_LOADER = "$(TEST_HOST)";
				CODE_SIGN_STYLE = Automatic;
				INFOPLIST_FILE = flixsterTests/Info.plist;
				IPHONEOS_DEPLOYMENT_TARGET = 14.0;
				LD_RUNPATH_SEARCH_PATHS = (
					"$(inherited)",
					"@executable_path/Frameworks",
					"@loader_path/Frameworks",
				);
				PRODUCT_BUNDLE_IDENTIFIER = bwang365.flixsterTests;
				PRODUCT_NAME = "$(TARGET_NAME)";
				SWIFT_VERSION = 5.0;
				TARGETED_DEVICE_FAMILY = "1,2";
				TEST_HOST = "$(BUILT_PRODUCTS_DIR)/flixster.app/flixster";
			};
			name = Release;
		};
		93A5EF6825216C1C00752D1A /* Debug */ = {
			isa = XCBuildConfiguration;
			baseConfigurationReference = 035DD76707D65F13B4F8B13E /* Pods-flixster-flixsterUITests.debug.xcconfig */;
			buildSettings = {
				ALWAYS_EMBED_SWIFT_STANDARD_LIBRARIES = YES;
				CODE_SIGN_STYLE = Automatic;
				INFOPLIST_FILE = flixsterUITests/Info.plist;
				LD_RUNPATH_SEARCH_PATHS = (
					"$(inherited)",
					"@executable_path/Frameworks",
					"@loader_path/Frameworks",
				);
				PRODUCT_BUNDLE_IDENTIFIER = bwang365.flixsterUITests;
				PRODUCT_NAME = "$(TARGET_NAME)";
				SWIFT_VERSION = 5.0;
				TARGETED_DEVICE_FAMILY = "1,2";
				TEST_TARGET_NAME = flixster;
			};
			name = Debug;
		};
		93A5EF6925216C1C00752D1A /* Release */ = {
			isa = XCBuildConfiguration;
			baseConfigurationReference = 91ED8DCF9347A486E429AE90 /* Pods-flixster-flixsterUITests.release.xcconfig */;
			buildSettings = {
				ALWAYS_EMBED_SWIFT_STANDARD_LIBRARIES = YES;
				CODE_SIGN_STYLE = Automatic;
				INFOPLIST_FILE = flixsterUITests/Info.plist;
				LD_RUNPATH_SEARCH_PATHS = (
					"$(inherited)",
					"@executable_path/Frameworks",
					"@loader_path/Frameworks",
				);
				PRODUCT_BUNDLE_IDENTIFIER = bwang365.flixsterUITests;
				PRODUCT_NAME = "$(TARGET_NAME)";
				SWIFT_VERSION = 5.0;
				TARGETED_DEVICE_FAMILY = "1,2";
				TEST_TARGET_NAME = flixster;
			};
			name = Release;
		};
/* End XCBuildConfiguration section */

/* Begin XCConfigurationList section */
		93A5EF3225216C1900752D1A /* Build configuration list for PBXProject "flixster" */ = {
			isa = XCConfigurationList;
			buildConfigurations = (
				93A5EF5F25216C1C00752D1A /* Debug */,
				93A5EF6025216C1C00752D1A /* Release */,
			);
			defaultConfigurationIsVisible = 0;
			defaultConfigurationName = Release;
		};
		93A5EF6125216C1C00752D1A /* Build configuration list for PBXNativeTarget "flixster" */ = {
			isa = XCConfigurationList;
			buildConfigurations = (
				93A5EF6225216C1C00752D1A /* Debug */,
				93A5EF6325216C1C00752D1A /* Release */,
			);
			defaultConfigurationIsVisible = 0;
			defaultConfigurationName = Release;
		};
		93A5EF6425216C1C00752D1A /* Build configuration list for PBXNativeTarget "flixsterTests" */ = {
			isa = XCConfigurationList;
			buildConfigurations = (
				93A5EF6525216C1C00752D1A /* Debug */,
				93A5EF6625216C1C00752D1A /* Release */,
			);
			defaultConfigurationIsVisible = 0;
			defaultConfigurationName = Release;
		};
		93A5EF6725216C1C00752D1A /* Build configuration list for PBXNativeTarget "flixsterUITests" */ = {
			isa = XCConfigurationList;
			buildConfigurations = (
				93A5EF6825216C1C00752D1A /* Debug */,
				93A5EF6925216C1C00752D1A /* Release */,
			);
			defaultConfigurationIsVisible = 0;
			defaultConfigurationName = Release;
		};
/* End XCConfigurationList section */
	};
	rootObject = 93A5EF2F25216C1900752D1A /* Project object */;
}
